PODS:
  - disk_space_ios (0.0.1):
    - Flutter
  - Flutter (1.0.0)

DEPENDENCIES:
  - disk_space_ios (from `.symlinks/plugins/disk_space_ios/ios`)
  - Flutter (from `Flutter`)

EXTERNAL SOURCES:
  disk_space_ios:
    :path: ".symlinks/plugins/disk_space_ios/ios"
  Flutter:
    :path: Flutter

SPEC CHECKSUMS:
  disk_space_ios: 5a33110901550dee1eba3abab14fa5e833d55f39
  Flutter: 50d75fe2f02b26cc09d224853bb45737f8b3214a

PODFILE CHECKSUM: aafe91acc616949ddb318b77800a7f51bffa2a4c

COCOAPODS: 1.11.3
